
Microsoft Visual Studio Solution File, Format Version 12.00
# Visual Studio Version 16
VisualStudioVersion = 16.0.31005.135
MinimumVisualStudioVersion = 10.0.40219.1
Project("{FAE04EC0-301F-11D3-BF4B-00C04F79EFBC}") = "YourDVVS", "YourDVVS\YourDVVS.csproj", "{A49BA7CA-ECCF-4B77-A0CB-B2C284FFF5DE}"
EndProject
Global
	GlobalSection(SolutionConfigurationPlatforms) = preSolution
		Debug|Any CPU = Debug|Any CPU
		Release|Any CPU = Release|Any CPU
	EndGlobalSection
	GlobalSection(ProjectConfigurationPlatforms) = postSolution
		{A49BA7CA-ECCF-4B77-A0CB-B2C284FFF5DE}.Debug|Any CPU.ActiveCfg = Debug|Any CPU
		{A49BA7CA-ECCF-4B77-A0CB-B2C284FFF5DE}.Debug|Any CPU.Build.0 = Debug|Any CPU
		{A49BA7CA-ECCF-4B77-A0CB-B2C284FFF5DE}.Release|Any CPU.ActiveCfg = Release|Any CPU
		{A49BA7CA-ECCF-4B77-A0CB-B2C284FFF5DE}.Release|Any CPU.Build.0 = Release|Any CPU
	EndGlobalSection
	GlobalSection(SolutionProperties) = preSolution
		HideSolutionNode = FALSE
	EndGlobalSection
	GlobalSection(ExtensibilityGlobals) = postSolution
		SolutionGuid = {B2D0E3B9-6AC3-4A12-8E07-4C3587E257B8}
	EndGlobalSection
EndGlobal
